{
    "_meta": {
        "hash": {
            "sha256": "4794a38b53792724fdbd4a10f0a3f24fb627a555472e48072cb24bb91fd41f4b"
        },
        "pipfile-spec": 6,
        "requires": {
            "python_version": "3.7"
        },
        "sources": [
            {
                "name": "pypi",
                "url": "https://pypi.org/simple",
                "verify_ssl": true
            }
        ]
    },
    "default": {
        "appdirs": {
            "hashes": [
                "sha256:7d5d0167b2b1ba821647616af46a749d1c653740dd0d2415100fe26e27afdf41",
                "sha256:a841dacd6b99318a741b166adb07e19ee71a274450e68237b4650ca1055ab128"
            ],
            "version": "==1.4.4"
        },
        "attrs": {
            "hashes": [
                "sha256:08a96c641c3a74e44eb59afb61a24f2cb9f4d7188748e76ba4bb5edfa3cb7d1c",
                "sha256:f7b7ce16570fe9965acd6d30101a28f62fb4a7f9e926b3bbc9b61f8b04247e72"
            ],
            "markers": "python_version >= '2.7' and python_version not in '3.0, 3.1, 3.2, 3.3'",
            "version": "==19.3.0"
        },
        "cffi": {
            "hashes": [
                "sha256:001bf3242a1bb04d985d63e138230802c6c8d4db3668fb545fb5005ddf5bb5ff",
                "sha256:00789914be39dffba161cfc5be31b55775de5ba2235fe49aa28c148236c4e06b",
                "sha256:028a579fc9aed3af38f4892bdcc7390508adabc30c6af4a6e4f611b0c680e6ac",
                "sha256:14491a910663bf9f13ddf2bc8f60562d6bc5315c1f09c704937ef17293fb85b0",
                "sha256:1cae98a7054b5c9391eb3249b86e0e99ab1e02bb0cc0575da191aedadbdf4384",
                "sha256:2089ed025da3919d2e75a4d963d008330c96751127dd6f73c8dc0c65041b4c26",
                "sha256:2d384f4a127a15ba701207f7639d94106693b6cd64173d6c8988e2c25f3ac2b6",
                "sha256:337d448e5a725bba2d8293c48d9353fc68d0e9e4088d62a9571def317797522b",
                "sha256:399aed636c7d3749bbed55bc907c3288cb43c65c4389964ad5ff849b6370603e",
                "sha256:3b911c2dbd4f423b4c4fcca138cadde747abdb20d196c4a48708b8a2d32b16dd",
                "sha256:3d311bcc4a41408cf5854f06ef2c5cab88f9fded37a3b95936c9879c1640d4c2",
                "sha256:62ae9af2d069ea2698bf536dcfe1e4eed9090211dbaafeeedf5cb6c41b352f66",
                "sha256:66e41db66b47d0d8672d8ed2708ba91b2f2524ece3dee48b5dfb36be8c2f21dc",
                "sha256:675686925a9fb403edba0114db74e741d8181683dcf216be697d208857e04ca8",
                "sha256:7e63cbcf2429a8dbfe48dcc2322d5f2220b77b2e17b7ba023d6166d84655da55",
                "sha256:8a6c688fefb4e1cd56feb6c511984a6c4f7ec7d2a1ff31a10254f3c817054ae4",
                "sha256:8c0ffc886aea5df6a1762d0019e9cb05f825d0eec1f520c51be9d198701daee5",
                "sha256:95cd16d3dee553f882540c1ffe331d085c9e629499ceadfbda4d4fde635f4b7d",
                "sha256:99f748a7e71ff382613b4e1acc0ac83bf7ad167fb3802e35e90d9763daba4d78",
                "sha256:b8c78301cefcf5fd914aad35d3c04c2b21ce8629b5e4f4e45ae6812e461910fa",
                "sha256:c420917b188a5582a56d8b93bdd8e0f6eca08c84ff623a4c16e809152cd35793",
                "sha256:c43866529f2f06fe0edc6246eb4faa34f03fe88b64a0a9a942561c8e22f4b71f",
                "sha256:cab50b8c2250b46fe738c77dbd25ce017d5e6fb35d3407606e7a4180656a5a6a",
                "sha256:cef128cb4d5e0b3493f058f10ce32365972c554572ff821e175dbc6f8ff6924f",
                "sha256:cf16e3cf6c0a5fdd9bc10c21687e19d29ad1fe863372b5543deaec1039581a30",
                "sha256:e56c744aa6ff427a607763346e4170629caf7e48ead6921745986db3692f987f",
                "sha256:e577934fc5f8779c554639376beeaa5657d54349096ef24abe8c74c5d9c117c3",
                "sha256:f2b0fa0c01d8a0c7483afd9f31d7ecf2d71760ca24499c8697aeb5ca37dc090c"
            ],
            "version": "==1.14.0"
        },
        "cfgv": {
            "hashes": [
                "sha256:1ccf53320421aeeb915275a196e23b3b8ae87dea8ac6698b1638001d4a486d53",
                "sha256:c8e8f552ffcc6194f4e18dd4f68d9aef0c0d58ae7e7be8c82bee3c5e9edfa513"
            ],
            "markers": "python_full_version >= '3.6.1'",
            "version": "==3.1.0"
        },
        "cryptography": {
            "hashes": [
                "sha256:02079a6addc7b5140ba0825f542c0869ff4df9a69c360e339ecead5baefa843c",
                "sha256:1df22371fbf2004c6f64e927668734070a8953362cd8370ddd336774d6743595",
                "sha256:369d2346db5934345787451504853ad9d342d7f721ae82d098083e1f49a582ad",
                "sha256:3cda1f0ed8747339bbdf71b9f38ca74c7b592f24f65cdb3ab3765e4b02871651",
                "sha256:44ff04138935882fef7c686878e1c8fd80a723161ad6a98da31e14b7553170c2",
                "sha256:4b1030728872c59687badcca1e225a9103440e467c17d6d1730ab3d2d64bfeff",
                "sha256:58363dbd966afb4f89b3b11dfb8ff200058fbc3b947507675c19ceb46104b48d",
                "sha256:6ec280fb24d27e3d97aa731e16207d58bd8ae94ef6eab97249a2afe4ba643d42",
                "sha256:7270a6c29199adc1297776937a05b59720e8a782531f1f122f2eb8467f9aab4d",
                "sha256:73fd30c57fa2d0a1d7a49c561c40c2f79c7d6c374cc7750e9ac7c99176f6428e",
                "sha256:7f09806ed4fbea8f51585231ba742b58cbcfbfe823ea197d8c89a5e433c7e912",
                "sha256:90df0cc93e1f8d2fba8365fb59a858f51a11a394d64dbf3ef844f783844cc793",
                "sha256:971221ed40f058f5662a604bd1ae6e4521d84e6cad0b7b170564cc34169c8f13",
                "sha256:a518c153a2b5ed6b8cc03f7ae79d5ffad7315ad4569b2d5333a13c38d64bd8d7",
                "sha256:b0de590a8b0979649ebeef8bb9f54394d3a41f66c5584fff4220901739b6b2f0",
                "sha256:b43f53f29816ba1db8525f006fa6f49292e9b029554b3eb56a189a70f2a40879",
                "sha256:d31402aad60ed889c7e57934a03477b572a03af7794fa8fb1780f21ea8f6551f",
                "sha256:de96157ec73458a7f14e3d26f17f8128c959084931e8997b9e655a39c8fde9f9",
                "sha256:df6b4dca2e11865e6cfbfb708e800efb18370f5a46fd601d3755bc7f85b3a8a2",
                "sha256:ecadccc7ba52193963c0475ac9f6fa28ac01e01349a2ca48509667ef41ffd2cf",
                "sha256:fb81c17e0ebe3358486cd8cc3ad78adbae58af12fc2bf2bc0bb84e8090fa5ce8"
            ],
            "index": "pypi",
            "version": "==2.8"
        },
        "distlib": {
            "hashes": [
                "sha256:2e166e231a26b36d6dfe35a48c4464346620f8645ed0ace01ee31822b288de21"
            ],
            "version": "==0.3.0"
        },
        "ecdsa": {
            "hashes": [
                "sha256:867ec9cf6df0b03addc8ef66b56359643cb5d0c1dc329df76ba7ecfe256c8061",
                "sha256:8f12ac317f8a1318efa75757ef0a651abe12e51fc1af8838fb91079445227277"
            ],
            "index": "pypi",
            "version": "==0.15"
        },
        "ed25519": {
            "hashes": [
                "sha256:2991b94e1883d1313c956a1e3ced27b8a2fdae23ac40c0d9d0b103d5a70d1d2a"
            ],
            "index": "pypi",
            "version": "==1.4"
        },
        "filelock": {
            "hashes": [
                "sha256:18d82244ee114f543149c66a6e0c14e9c4f8a1044b5cdaadd0f82159d6a6ff59",
                "sha256:929b7d63ec5b7d6b71b0fa5ac14e030b3f70b75747cef1b10da9b879fef15836"
            ],
            "version": "==3.0.12"
        },
        "grpc-tools": {
            "hashes": [
                "sha256:ea9e5150560f5109819dddf40d2f318d1f226939d74a13cd3dc2e860e78de551"
            ],
            "index": "pypi",
            "version": "==0.0.1"
        },
        "grpcio": {
            "hashes": [
                "sha256:10cdc8946a7c2284bbc8e16d346eaa2beeaae86ea598f345df86d4ef7dfedb84",
                "sha256:23bc395a32c2465564cb242e48bdd2fdbe5a4aebf307649a800da1b971ee7f29",
                "sha256:2637ce96b7c954d2b71060f50eb4c72f81668f1b2faa6cbdc74677e405978901",
                "sha256:3d8c510b6eabce5192ce126003d74d7751c7218d3e2ad39fcf02400d7ec43abe",
                "sha256:5024b26e17a1bfc9390fb3b8077bf886eee02970af780fd23072970ef08cefe8",
                "sha256:517538a54afdd67162ea2af1ac3326c0752c5d13e6ddadbc4885f6a28e91ab28",
                "sha256:524ae8d3da61b856cf08abb3d0947df05402919e4be1f88328e0c1004031f72e",
                "sha256:54e4658c09084b09cd83a5ea3a8bce78e4031ff1010bb8908c399a22a76a6f08",
                "sha256:57c8cc2ae8cb94c3a89671af7e1380a4cdfcd6bab7ba303f4461ec32ded250ae",
                "sha256:5fd9ffe938e9225c654c60eb21ff011108cc27302db85200413807e0eda99a4a",
                "sha256:75b2247307a7ecaf6abc9eb2bd04af8f88816c111b87bf0044d7924396e9549c",
                "sha256:7bf3cb1e0f4a9c89f7b748583b994bdce183103d89d5ff486da48a7668a052c7",
                "sha256:7e02a7c40304eecee203f809a982732bd37fad4e798acad98fe73c66e44ff2db",
                "sha256:806c9759f5589b3761561187408e0313a35c5c53f075c7590effab8d27d67dfe",
                "sha256:80e9f9f6265149ca7c84e1c8c31c2cf3e2869c45776fbe8880a3133a11d6d290",
                "sha256:81bbf78a399e0ee516c81ddad8601f12af3fc9b30f2e4b2fbd64efd327304a4d",
                "sha256:886d48c32960b39e059494637eb0157a694956248d03b0de814447c188b74799",
                "sha256:97b72bf2242a351a89184134adbb0ae3b422e6893c6c712bc7669e2eab21501b",
                "sha256:97fcbdf1f12e0079d26db73da11ee35a09adc870b1e72fbff0211f6a8003a4e8",
                "sha256:9cfb4b71cc3c8757f137d47000f9d90d4bd818733f9ab4f78bd447e052a4cb9a",
                "sha256:9ef0370bcf629ece4e7e37796e4604e2514b920669be2911fc3f9c163a73a57b",
                "sha256:a6dddb177b3cfa0cfe299fb9e07d6a3382cc79466bef48fe9c4326d5c5b1dcb8",
                "sha256:a97ea91e31863c9a3879684b5fb3c6ab4b17c5431787548fc9f52b9483ea9c25",
                "sha256:b49f243936b0f6ae8eb6adf88a1e54e736f1c6724a1bff6b591d105d708263ad",
                "sha256:b85f355fc24b68a6c52f2750e7141110d1fcd07dfdc9b282de0000550fe0511b",
                "sha256:c3a0ef12ee86f6e72db50e01c3dba7735a76d8c30104b9b0f7fd9d65ceb9d93f",
                "sha256:da0ca9b1089d00e39a8b83deec799a4e5c37ec1b44d804495424acde50531868",
                "sha256:e90f3d11185c36593186e5ff1f581acc6ddfa4190f145b0366e579de1f52803b",
                "sha256:ebf0ccb782027ef9e213e03b6d00bbd8dabd80959db7d468c0738e6d94b5204c",
                "sha256:eede3039c3998e2cc0f6713f4ac70f235bd32967c9b958a17bf937aceebc12c3",
                "sha256:ff7931241351521b8df01d7448800ce0d59364321d8d82c49b826d455678ff08"
            ],
            "index": "pypi",
            "version": "==1.29.0"
        },
        "grpcio-tools": {
            "hashes": [
                "sha256:05f214bc904c8e4ebf0240993a868895ff96184172243c0c61b323f6f029863d",
                "sha256:0f681c1ebd5472b804baa391b16dc59d92b065903999566f4776bfbd010bcec9",
                "sha256:1038b3d6cfd7206caf7c0a54ed06896e2aeb0a7d213a40d9000a70595e2fca21",
                "sha256:1626cd01a484f29cc9b33c3902851490149d40a550b92a382978571ca7e712cf",
                "sha256:1a606f2f5b23822e2e5271bf0df98c140ceed154ea6bf5c04ea85a37a0317771",
                "sha256:22d91ceb853f6846bcc23f15d8a936574eeb9fc7e8941bb8a1a5f8fcf4f566b2",
                "sha256:2a1f27a21d09e864cdfcff22265af86d9a548ea9a775e5d6a27d7abb71c3b5aa",
                "sha256:2a681ebfde0d83b70117cac745a97a3e5dc258fd817c1c1dd2bf99579b663a28",
                "sha256:2f1d80e3988d86477633fb39442a2310513d02fcc48881b359257a4be3cfd336",
                "sha256:38ab9e8afdf34289eab85ce2343c451c36837bf2521b927b30d9a845304abf4c",
                "sha256:47d13ddbbc2bd0e21a6109f74e731049b1d8738b5d0124580efca3721fe77fd2",
                "sha256:49dcf4c11ba2766d065c90a61eb1cefc55d5d094f93c1f66a4d98bfcbc5f740c",
                "sha256:56aade8ed52a6cca74a4703279aaae4aa2e2b87d0ccb5778f95d31267e74fc6b",
                "sha256:5beffd530b496866b8e8dc811e942815a6e637669350c1341b5972bb692465cc",
                "sha256:658e131e983f4c3bec2e096c3cc048e6420acad2b19fad82328c481088ce0d1a",
                "sha256:6eddefcd10f261d2aef6c122fb0651a53fcaee86e47d407492c9acf57107c91a",
                "sha256:78075ee7459001cf5c81b1f2e3f047b63d35ed018b9e15e3abeda59b70af0a4e",
                "sha256:7c52f68e864f60ed51ea59a3fd18d0989720bbf2e32d47b4096eba7b0b7f7086",
                "sha256:7e52c8ed5e0157ff85493f93540e3c897c7d97be03afc73230d1022ba7b80528",
                "sha256:8ffdcb1cbbc1bdfe249eb08c9fc6557b4f83b9f6145b5914bfd2973013d6dc1f",
                "sha256:9de112c090ab67e90b8c36eee5876278c8d037bf7c55052848886c1e8a2dd1c2",
                "sha256:afcb030067ba1b6c371a7bfd1ffd77375534144000d47d245ca77ebbd195901d",
                "sha256:b504e844e6f3610f279e0fba719052a73d5acc858a82d5a1151155b3c2304478",
                "sha256:b55346fa75df4b1581627022a2c79cfeb58cdaebf719cdbf63ff8ae6d7d7704b",
                "sha256:bab2a3d627f114091a758d8a7ae48af54bff717f84bb34538fed5114982e73a5",
                "sha256:c52bcc2e5e9d93b805e6f292e543cbabeb9a751dc9d4d451c39d4c30ee311142",
                "sha256:d89a43d14fb3043c1876e78d7ad5018c762b0ce51c199c588fa9142442546005",
                "sha256:f464d2efe04a46a17cf9493d67e6839aa535bb8a904cc6a2b588f1b156c9265d",
                "sha256:f672a606a59145bacc58cf4c4bb407f107abe1289f607c09e9224c99e897ed1a",
                "sha256:faf845f71fcb6cb5088429c676ae644116d56e5de41c639be4d7399bf71b9637",
                "sha256:fb9c46b8a0ee1a5990f29d891d6023cb92fdab9aed408194667df04f72e9caf6"
            ],
            "index": "pypi",
            "version": "==1.29.0"
        },
        "grpclib": {
            "hashes": [
                "sha256:55496fb9f564bbd85b8518c95c088312fb3437f60a0144f39f4cb83bf8978737"
            ],
            "index": "pypi",
            "version": "==0.3.1"
        },
        "h2": {
            "hashes": [
                "sha256:61e0f6601fa709f35cdb730863b4e5ec7ad449792add80d1410d4174ed139af5",
                "sha256:875f41ebd6f2c44781259005b157faed1a5031df3ae5aa7bcb4628a6c0782f14"
            ],
            "version": "==3.2.0"
        },
        "hpack": {
            "hashes": [
                "sha256:0edd79eda27a53ba5be2dfabf3b15780928a0dff6eb0c60a3d6767720e970c89",
                "sha256:8eec9c1f4bfae3408a3f30500261f7e6a65912dc138526ea054f9ad98892e9d2"
            ],
            "version": "==3.0.0"
        },
        "hyperframe": {
            "hashes": [
                "sha256:5187962cb16dcc078f23cb5a4b110098d546c3f41ff2d4038a9896893bbd0b40",
                "sha256:a9f5c17f2cc3c719b917c4f33ed1c61bd1f8dfac4b1bd23b7c80b3400971b41f"
            ],
            "version": "==5.2.0"
        },
        "identify": {
            "hashes": [
                "sha256:acf0712ab4042642e8f44e9532d95c26fbe60c0ab8b6e5b654dd1bc6512810e0",
                "sha256:b2cd24dece806707e0b50517c1b3bcf3044e0b1cb13a72e7d34aa31c91f2a55a"
            ],
            "markers": "python_version >= '2.7' and python_version not in '3.0, 3.1, 3.2, 3.3'",
            "version": "==1.4.20"
        },
        "importlib-metadata": {
            "hashes": [
                "sha256:0505dd08068cfec00f53a74a0ad927676d7757da81b7436a6eefe4c7cf75c545",
                "sha256:15ec6c0fd909e893e3a08b3a7c76ecb149122fb14b7efe1199ddd4c7c57ea958"
            ],
            "markers": "python_version < '3.8'",
            "version": "==1.6.1"
        },
        "in-place": {
            "hashes": [
                "sha256:3d89b9865226410b19fb226f6cf1e1f84976b6347172e390e88f1c96cd731925",
                "sha256:b30446b0e1cae2a9200a5c311b3d8627d4ddd7bc61ae926adcceba743927df9a"
            ],
            "index": "pypi",
            "version": "==0.4.0"
        },
        "more-itertools": {
            "hashes": [
                "sha256:68c70cc7167bdf5c7c9d8f6954a7837089c6a36bf565383919bb595efb8a17e5",
                "sha256:b78134b2063dd214000685165d81c154522c3ee0a1c0d4d113c80361c234c5a2"
            ],
            "markers": "python_version >= '3.5'",
            "version": "==8.4.0"
        },
        "multidict": {
            "hashes": [
                "sha256:1ece5a3369835c20ed57adadc663400b5525904e53bae59ec854a5d36b39b21a",
                "sha256:275ca32383bc5d1894b6975bb4ca6a7ff16ab76fa622967625baeebcf8079000",
                "sha256:3750f2205b800aac4bb03b5ae48025a64e474d2c6cc79547988ba1d4122a09e2",
                "sha256:4538273208e7294b2659b1602490f4ed3ab1c8cf9dbdd817e0e9db8e64be2507",
                "sha256:5141c13374e6b25fe6bf092052ab55c0c03d21bd66c94a0e3ae371d3e4d865a5",
                "sha256:51a4d210404ac61d32dada00a50ea7ba412e6ea945bbe992e4d7a595276d2ec7",
                "sha256:5cf311a0f5ef80fe73e4f4c0f0998ec08f954a6ec72b746f3c179e37de1d210d",
                "sha256:6513728873f4326999429a8b00fc7ceddb2509b01d5fd3f3be7881a257b8d463",
                "sha256:7388d2ef3c55a8ba80da62ecfafa06a1c097c18032a501ffd4cabbc52d7f2b19",
                "sha256:9456e90649005ad40558f4cf51dbb842e32807df75146c6d940b6f5abb4a78f3",
                "sha256:c026fe9a05130e44157b98fea3ab12969e5b60691a276150db9eda71710cd10b",
                "sha256:d14842362ed4cf63751648e7672f7174c9818459d169231d03c56e84daf90b7c",
                "sha256:e0d072ae0f2a179c375f67e3da300b47e1a83293c554450b29c900e50afaae87",
                "sha256:f07acae137b71af3bb548bd8da720956a3bc9f9a0b87733e0899226a2317aeb7",
                "sha256:fbb77a75e529021e7c4a8d4e823d88ef4d23674a202be4f5addffc72cbb91430",
                "sha256:fcfbb44c59af3f8ea984de67ec7c306f618a3ec771c2843804069917a8f2e255",
                "sha256:feed85993dbdb1dbc29102f50bca65bdc68f2c0c8d352468c25b54874f23c39d"
            ],
            "markers": "python_version >= '3.5'",
            "version": "==4.7.6"
        },
        "nodeenv": {
            "hashes": [
                "sha256:4b0b77afa3ba9b54f4b6396e60b0c83f59eaeb2d63dc3cc7a70f7f4af96c82bc"
            ],
            "version": "==1.4.0"
        },
        "packaging": {
            "hashes": [
                "sha256:4357f74f47b9c12db93624a82154e9b120fa8293699949152b22065d556079f8",
                "sha256:998416ba6962ae7fbd6596850b80e17859a5753ba17c32284f67bfff33784181"
            ],
            "markers": "python_version >= '2.7' and python_version not in '3.0, 3.1, 3.2, 3.3'",
            "version": "==20.4"
        },
        "pluggy": {
            "hashes": [
                "sha256:15b2acde666561e1298d71b523007ed7364de07029219b604cf808bfa1c765b0",
                "sha256:966c145cd83c96502c3c3868f50408687b38434af77734af1e9ca461a4081d2d"
            ],
            "markers": "python_version >= '2.7' and python_version not in '3.0, 3.1, 3.2, 3.3'",
            "version": "==0.13.1"
        },
        "pre-commit": {
            "hashes": [
                "sha256:c5c8fd4d0e1c363723aaf0a8f9cba0f434c160b48c4028f4bae6d219177945b3",
                "sha256:da463cf8f0e257f9af49047ba514f6b90dbd9b4f92f4c8847a3ccd36834874c7"
            ],
            "index": "pypi",
            "version": "==2.5.1"
        },
        "protobuf": {
            "hashes": [
                "sha256:0bae429443cc4748be2aadfdaf9633297cfaeb24a9a02d0ab15849175ce90fab",
                "sha256:24e3b6ad259544d717902777b33966a1a069208c885576254c112663e6a5bb0f",
                "sha256:2affcaba328c4662f3bc3c0e9576ea107906b2c2b6422344cdad961734ff6b93",
                "sha256:310a7aca6e7f257510d0c750364774034272538d51796ca31d42c3925d12a52a",
                "sha256:52e586072612c1eec18e1174f8e3bb19d08f075fc2e3f91d3b16c919078469d0",
                "sha256:73152776dc75f335c476d11d52ec6f0f6925774802cd48d6189f4d5d7fe753f4",
                "sha256:7774bbbaac81d3ba86de646c39f154afc8156717972bf0450c9dbfa1dc8dbea2",
                "sha256:82d7ac987715d8d1eb4068bf997f3053468e0ce0287e2729c30601feb6602fee",
                "sha256:8eb9c93798b904f141d9de36a0ba9f9b73cc382869e67c9e642c0aba53b0fc07",
                "sha256:adf0e4d57b33881d0c63bb11e7f9038f98ee0c3e334c221f0858f826e8fb0151",
                "sha256:c40973a0aee65422d8cb4e7d7cbded95dfeee0199caab54d5ab25b63bce8135a",
                "sha256:c77c974d1dadf246d789f6dad1c24426137c9091e930dbf50e0a29c1fcf00b1f",
                "sha256:dd9aa4401c36785ea1b6fff0552c674bdd1b641319cb07ed1fe2392388e9b0d7",
                "sha256:e11df1ac6905e81b815ab6fd518e79be0a58b5dc427a2cf7208980f30694b956",
                "sha256:e2f8a75261c26b2f5f3442b0525d50fd79a71aeca04b5ec270fc123536188306",
                "sha256:e512b7f3a4dd780f59f1bf22c302740e27b10b5c97e858a6061772668cd6f961",
                "sha256:ef2c2e56aaf9ee914d3dccc3408d42661aaf7d9bb78eaa8f17b2e6282f214481",
                "sha256:fac513a9dc2a74b99abd2e17109b53945e364649ca03d9f7a0b96aa8d1807d0a",
                "sha256:fdfb6ad138dbbf92b5dbea3576d7c8ba7463173f7d2cb0ca1bd336ec88ddbd80"
            ],
            "index": "pypi",
            "version": "==3.11.3"
        },
        "py": {
            "hashes": [
                "sha256:a673fa23d7000440cc885c17dbd34fafcb7d7a6e230b29f6766400de36a33c44",
                "sha256:f3b3a4c36512a4c4f024041ab51866f11761cc169670204b235f6b20523d4e6b"
            ],
            "markers": "python_version >= '2.7' and python_version not in '3.0, 3.1, 3.2, 3.3'",
            "version": "==1.8.2"
        },
        "pyblake2": {
            "hashes": [
                "sha256:3757f7ad709b0e1b2a6b3919fa79fe3261f166fc375cd521f2be480f8319dde9",
                "sha256:407e02c7f8f36fcec1b7aa114ddca0c1060c598142ea6f6759d03710b946a7e3",
                "sha256:4d47b4a2c1d292b1e460bde1dda4d13aa792ed2ed70fcc263b6bc24632c8e902",
                "sha256:5ccc7eb02edb82fafb8adbb90746af71460fbc29aa0f822526fc976dff83e93f",
                "sha256:8043267fbc0b2f3748c6920591cd0b8b5609dcce60c504c32858aa36206386f2",
                "sha256:982295a87907d50f4723db6bc724660da76b6547826d52160171d54f95b919ac",
                "sha256:baa2190bfe549e36163aa44664d4ee3a9080b236fc5d42f50dc6fd36bbdc749e",
                "sha256:c53417ee0bbe77db852d5fd1036749f03696ebc2265de359fe17418d800196c4",
                "sha256:fbc9fcde75713930bc2a91b149e97be2401f7c9c56d735b46a109210f58d7358"
            ],
            "index": "pypi",
            "version": "==1.1.2"
        },
        "pycparser": {
            "hashes": [
                "sha256:2d475327684562c3a96cc71adf7dc8c4f0565175cf86b6d7a404ff4c771f15f0",
                "sha256:7582ad22678f0fcd81102833f60ef8d0e57288b6b5fb00323d101be910e35705"
            ],
            "markers": "python_version >= '2.7' and python_version not in '3.0, 3.1, 3.2, 3.3'",
            "version": "==2.20"
        },
        "pycryptodome": {
            "hashes": [
                "sha256:042ae873baadd0c33b4d699a5c5b976ade3233a979d972f98ca82314632d868c",
                "sha256:0502876279772b1384b660ccc91563d04490d562799d8e2e06b411e2d81128a9",
                "sha256:2de33ed0a95855735d5a0fc0c39603314df9e78ee8bbf0baa9692fb46b3b8bbb",
                "sha256:319e568baf86620b419d53063b18c216abf924875966efdfe06891b987196a45",
                "sha256:4372ec7518727172e1605c0843cdc5375d4771e447b8148c787b860260aae151",
                "sha256:48821950ffb9c836858d8fa09d7840b6df52eadd387a3c5acece55cb387743f9",
                "sha256:4b9533d4166ca07abdd49ce9d516666b1df944997fe135d4b21ac376aa624aff",
                "sha256:54456cf85130e01674d21fb1ab89ffccacb138a8ade88d72fa2b0ac898d2798b",
                "sha256:56fdd0e425f1b8fd3a00b6d96351f86226674974814c50534864d0124d48871f",
                "sha256:57b1b707363490c495ad0eeb38bd1b0e1697c497af25fad78d3a1ebf0477fd5b",
                "sha256:5c485ed6e9718ebcaa81138fa70ace9c563d202b56a8cee119b4085b023931f5",
                "sha256:63c103a22cbe9752f6ea9f1a0de129995bad91c4d03a66c67cffcf6ee0c9f1e1",
                "sha256:68fab8455efcbfe87c5d75015476f9b606227ffe244d57bfd66269451706e899",
                "sha256:6c2720696b10ae356040e888bde1239b8957fe18885ccf5e7b4e8dec882f0856",
                "sha256:72166c2ac520a5dbd2d90208b9c279161ec0861662a621892bd52fb6ca13ab91",
                "sha256:7c52308ac5b834331b2f107a490b2c27de024a229b61df4cdc5c131d563dfe98",
                "sha256:87d8d85b4792ca5e730fb7a519fbc3ed976c59dcf79c5204589c59afd56b9926",
                "sha256:896e9b6fd0762aa07b203c993fbbee7a1f1a4674c6886afd7bfa86f3d1be98a8",
                "sha256:8a799bea3c6617736e914a2e77c409f52893d382f619f088f8a80e2e21f573c1",
                "sha256:9d9945ac8375d5d8e60bd2a2e1df5882eaa315522eedf3ca868b1546dfa34eba",
                "sha256:9ef966c727de942de3e41aa8462c4b7b4bca70f19af5a3f99e31376589c11aac",
                "sha256:a168e73879619b467072509a223282a02c8047d932a48b74fbd498f27224aa04",
                "sha256:a30f501bbb32e01a49ef9e09ca1260e5ab49bf33a257080ec553e08997acc487",
                "sha256:a8ca2450394d3699c9f15ef25e8de9a24b401933716a1e39d37fa01f5fe3c58b",
                "sha256:aec4d42deb836b8fb3ba32f2ba1ef0d33dd3dc9d430b1479ee7a914490d15b5e",
                "sha256:b4af098f2a50f8d048ab12cabb59456585c0acf43d90ee79782d2d6d0ed59dba",
                "sha256:b55c60c321ac91945c60a40ac9896ac7a3d432bb3e8c14006dfd82ad5871c331",
                "sha256:c53348358408d94869059e16fba5ff3bef8c52c25b18421472aba272b9bb450f",
                "sha256:cbfd97f9e060f0d30245cd29fa267a9a84de9da97559366fca0a3f7655acc63f",
                "sha256:d3fe3f33ad52bf0c19ee6344b695ba44ffbfa16f3c29ca61116b48d97bd970fb",
                "sha256:e3a79a30d15d9c7c284a7734036ee8abdb5ca3a6f5774d293cdc9e1358c1dc10",
                "sha256:eec0689509389f19875f66ae8dedd59f982240cdab31b9f78a8dc266011df93a"
            ],
            "index": "pypi",
            "version": "==3.9.4"
        },
        "pyparsing": {
            "hashes": [
                "sha256:c203ec8783bf771a155b207279b9bccb8dea02d8f0c9e5f8ead507bc3246ecc1",
                "sha256:ef9d7589ef3c200abe66653d3f1ab1033c3c419ae9b9bdb1240a85b024efc88b"
            ],
            "markers": "python_version >= '2.6' and python_version not in '3.0, 3.1, 3.2, 3.3'",
            "version": "==2.4.7"
        },
        "pytest": {
            "hashes": [
                "sha256:5c0db86b698e8f170ba4582a492248919255fcd4c79b1ee64ace34301fb589a1",
                "sha256:7979331bfcba207414f5e1263b5a0f8f521d0f457318836a7355531ed1a4c7d8"
            ],
            "index": "pypi",
            "version": "==5.4.3"
        },
        "pyyaml": {
            "hashes": [
                "sha256:06a0d7ba600ce0b2d2fe2e78453a470b5a6e000a985dd4a4e54e436cc36b0e97",
                "sha256:240097ff019d7c70a4922b6869d8a86407758333f02203e0fc6ff79c5dcede76",
                "sha256:4f4b913ca1a7319b33cfb1369e91e50354d6f07a135f3b901aca02aa95940bd2",
                "sha256:69f00dca373f240f842b2931fb2c7e14ddbacd1397d57157a9b005a6a9942648",
                "sha256:73f099454b799e05e5ab51423c7bcf361c58d3206fa7b0d555426b1f4d9a3eaf",
                "sha256:74809a57b329d6cc0fdccee6318f44b9b8649961fa73144a98735b0aaf029f1f",
                "sha256:7739fc0fa8205b3ee8808aea45e968bc90082c10aef6ea95e855e10abf4a37b2",
                "sha256:95f71d2af0ff4227885f7a6605c37fd53d3a106fcab511b8860ecca9fcf400ee",
                "sha256:b8eac752c5e14d3eca0e6dd9199cd627518cb5ec06add0de9d32baeee6fe645d",
                "sha256:cc8955cfbfc7a115fa81d85284ee61147059a753344bc51098f3ccd69b0d7e0c",
                "sha256:d13155f591e6fcc1ec3b30685d50bf0711574e2c0dfffd7644babf8b5102ca1a"
            ],
            "version": "==5.3.1"
        },
        "semver": {
            "hashes": [
                "sha256:21e80ca738975ed513cba859db0a0d2faca2380aef1962f48272ebf9a8a44bd4",
                "sha256:c0a4a9d1e45557297a722ee9bac3de2ec2ea79016b6ffcaca609b0bc62cf4276"
            ],
            "index": "pypi",
            "version": "==2.10.2"
        },
        "six": {
            "hashes": [
                "sha256:30639c035cdb23534cd4aa2dd52c3bf48f06e5f4a941509c8bafd8ce11080259",
                "sha256:8b74bedcbbbaca38ff6d7491d76f2b06b3592611af620f8426e82dddb04a5ced"
            ],
            "markers": "python_version >= '2.7' and python_version not in '3.0, 3.1, 3.2, 3.3'",
            "version": "==1.15.0"
        },
        "toml": {
            "hashes": [
                "sha256:926b612be1e5ce0634a2ca03470f95169cf16f939018233a670519cb4ac58b0f",
                "sha256:bda89d5935c2eac546d648028b9901107a595863cb36bae0c73ac804a9b4ce88"
            ],
            "version": "==0.10.1"
        },
        "tox": {
            "hashes": [
                "sha256:50a188b8e17580c1fb931f494a754e6507d4185f54fb18aca5ba3e12d2ffd55e",
                "sha256:c696d36cd7c6a28ada2da780400e44851b20ee19ef08cfe73344a1dcebbbe9f3"
            ],
            "index": "pypi",
            "version": "==3.15.2"
        },
        "virtualenv": {
            "hashes": [
                "sha256:1b253c5d0e76afe24c76ce288cdd5dd01ac7deaa55f644998c74e5a799349522",
                "sha256:680011aa2995fb8b7c2bbea7da7afd8dcaf382def7a3e02a1b1fba4b402aa8cf"
            ],
            "markers": "python_version >= '2.7' and python_version not in '3.0, 3.1, 3.2, 3.3'",
            "version": "==20.0.24"
        },
        "wcwidth": {
            "hashes": [
                "sha256:79375666b9954d4a1a10739315816324c3e73110af9d0e102d906fdb0aec009f",
                "sha256:8c6b5b6ee1360b842645f336d9e5d68c55817c26d3050f46b235ef2bc650e48f"
            ],
            "version": "==0.2.4"
        },
        "zipp": {
            "hashes": [
                "sha256:aa36550ff0c0b7ef7fa639055d797116ee891440eac1a56f378e2d3179e0320b",
                "sha256:c599e4d75c98f6798c509911d08a22e6c021d074469042177c8c86fb92eefd96"
            ],
            "markers": "python_version >= '3.6'",
            "version": "==3.1.0"
        }
    },
    "develop": {}
}
